
Microsoft Visual Studio Solution File, Format Version 12.00
# Visual Studio Version 16
VisualStudioVersion = 16.0.29920.165
MinimumVisualStudioVersion = 10.0.40219.1
Project("{FAE04EC0-301F-11D3-BF4B-00C04F79EFBC}") = "Veadm20fd20xClass", "Veadm20fd20xClass\Veadm20fd20xClass.csproj", "{03FD9D9B-2F57-40A4-AE49-848C7589867E}"
EndProject
Global
	GlobalSection(SolutionConfigurationPlatforms) = preSolution
		Debug|Any CPU = Debug|Any CPU
		Release|Any CPU = Release|Any CPU
	EndGlobalSection
	GlobalSection(ProjectConfigurationPlatforms) = postSolution
		{03FD9D9B-2F57-40A4-AE49-848C7589867E}.Debug|Any CPU.ActiveCfg = Debug|Any CPU
		{03FD9D9B-2F57-40A4-AE49-848C7589867E}.Debug|Any CPU.Build.0 = Debug|Any CPU
		{03FD9D9B-2F57-40A4-AE49-848C7589867E}.Release|Any CPU.ActiveCfg = Release|Any CPU
		{03FD9D9B-2F57-40A4-AE49-848C7589867E}.Release|Any CPU.Build.0 = Release|Any CPU
	EndGlobalSection
	GlobalSection(SolutionProperties) = preSolution
		HideSolutionNode = FALSE
	EndGlobalSection
	GlobalSection(ExtensibilityGlobals) = postSolution
		SolutionGuid = {28623A13-9E7F-4CE9-B2B3-7D6831CE7ED9}
	EndGlobalSection
EndGlobal
